
Microsoft Visual Studio Solution File, Format Version 12.00
# Visual Studio 15
VisualStudioVersion = 15.0.27130.2020
MinimumVisualStudioVersion = 10.0.40219.1
Project("{FAE04EC0-301F-11D3-BF4B-00C04F79EFBC}") = "StatTrackerLib", "StatTrackerLib\StatTrackerLib.csproj", "{D152BB02-D55C-4EC9-A6BA-4256CC1B6DC5}"
EndProject
Project("{FAE04EC0-301F-11D3-BF4B-00C04F79EFBC}") = "TrackerUI", "TrackerUI\TrackerUI.csproj", "{55EF7FAA-6671-4DBB-BD1C-AA08324B8A6F}"
EndProject
Global
	GlobalSection(SolutionConfigurationPlatforms) = preSolution
		Debug|Any CPU = Debug|Any CPU
		Release|Any CPU = Release|Any CPU
	EndGlobalSection
	GlobalSection(ProjectConfigurationPlatforms) = postSolution
		{D152BB02-D55C-4EC9-A6BA-4256CC1B6DC5}.Debug|Any CPU.ActiveCfg = Debug|Any CPU
		{D152BB02-D55C-4EC9-A6BA-4256CC1B6DC5}.Debug|Any CPU.Build.0 = Debug|Any CPU
		{D152BB02-D55C-4EC9-A6BA-4256CC1B6DC5}.Release|Any CPU.ActiveCfg = Release|Any CPU
		{D152BB02-D55C-4EC9-A6BA-4256CC1B6DC5}.Release|Any CPU.Build.0 = Release|Any CPU
		{55EF7FAA-6671-4DBB-BD1C-AA08324B8A6F}.Debug|Any CPU.ActiveCfg = Debug|Any CPU
		{55EF7FAA-6671-4DBB-BD1C-AA08324B8A6F}.Debug|Any CPU.Build.0 = Debug|Any CPU
		{55EF7FAA-6671-4DBB-BD1C-AA08324B8A6F}.Release|Any CPU.ActiveCfg = Release|Any CPU
		{55EF7FAA-6671-4DBB-BD1C-AA08324B8A6F}.Release|Any CPU.Build.0 = Release|Any CPU
	EndGlobalSection
	GlobalSection(SolutionProperties) = preSolution
		HideSolutionNode = FALSE
	EndGlobalSection
	GlobalSection(ExtensibilityGlobals) = postSolution
		SolutionGuid = {F55BD194-F942-439E-8BFC-1149D1D05944}
	EndGlobalSection
EndGlobal
